
Microsoft Visual Studio Solution File, Format Version 12.00
# Visual Studio 15
VisualStudioVersion = 15.0.26228.9
MinimumVisualStudioVersion = 10.0.40219.1
Project("{FAE04EC0-301F-11D3-BF4B-00C04F79EFBC}") = "DAL", "DAL\DAL.csproj", "{BFBE8178-4803-42D1-8A74-BB18B8341A82}"
EndProject
Project("{FAE04EC0-301F-11D3-BF4B-00C04F79EFBC}") = "BLL", "BLL\BLL.csproj", "{2BF4B7F6-E49E-4C69-9950-B55FD2F8A57C}"
EndProject
Project("{FAE04EC0-301F-11D3-BF4B-00C04F79EFBC}") = "ForBlogs", "ForBlogs\ForBlogs.csproj", "{DEF6E238-4912-451D-ACDD-550A81D0A3A0}"
EndProject
Global
	GlobalSection(SolutionConfigurationPlatforms) = preSolution
		Debug|Any CPU = Debug|Any CPU
		Release|Any CPU = Release|Any CPU
	EndGlobalSection
	GlobalSection(ProjectConfigurationPlatforms) = postSolution
		{BFBE8178-4803-42D1-8A74-BB18B8341A82}.Debug|Any CPU.ActiveCfg = Debug|Any CPU
		{BFBE8178-4803-42D1-8A74-BB18B8341A82}.Debug|Any CPU.Build.0 = Debug|Any CPU
		{BFBE8178-4803-42D1-8A74-BB18B8341A82}.Release|Any CPU.ActiveCfg = Release|Any CPU
		{BFBE8178-4803-42D1-8A74-BB18B8341A82}.Release|Any CPU.Build.0 = Release|Any CPU
		{2BF4B7F6-E49E-4C69-9950-B55FD2F8A57C}.Debug|Any CPU.ActiveCfg = Debug|Any CPU
		{2BF4B7F6-E49E-4C69-9950-B55FD2F8A57C}.Debug|Any CPU.Build.0 = Debug|Any CPU
		{2BF4B7F6-E49E-4C69-9950-B55FD2F8A57C}.Release|Any CPU.ActiveCfg = Release|Any CPU
		{2BF4B7F6-E49E-4C69-9950-B55FD2F8A57C}.Release|Any CPU.Build.0 = Release|Any CPU
		{DEF6E238-4912-451D-ACDD-550A81D0A3A0}.Debug|Any CPU.ActiveCfg = Debug|Any CPU
		{DEF6E238-4912-451D-ACDD-550A81D0A3A0}.Debug|Any CPU.Build.0 = Debug|Any CPU
		{DEF6E238-4912-451D-ACDD-550A81D0A3A0}.Release|Any CPU.ActiveCfg = Release|Any CPU
		{DEF6E238-4912-451D-ACDD-550A81D0A3A0}.Release|Any CPU.Build.0 = Release|Any CPU
	EndGlobalSection
	GlobalSection(SolutionProperties) = preSolution
		HideSolutionNode = FALSE
	EndGlobalSection
EndGlobal
